// !$*UTF8*$!
{
	archiveVersion = 1;
	classes = {
	};
	objectVersion = 55;
	objects = {

/* Begin PBXBuildFile section */
		6CF6EBD952D5A7DE7A59C09F /* Pods_SeSAC_SPL.framework in Frameworks */ = {isa = PBXBuildFile; fileRef = 46BC3B35DAD8705B465AD200 /* Pods_SeSAC_SPL.framework */; };
		B40AC5F027A2E0FD0007B909 /* BackgroundImageView.swift in Sources */ = {isa = PBXBuildFile; fileRef = B40AC5EF27A2E0FD0007B909 /* BackgroundImageView.swift */; };
		B40AC5F527A2E6DC0007B909 /* BackImageTableViewCell.swift in Sources */ = {isa = PBXBuildFile; fileRef = B40AC5F427A2E6DC0007B909 /* BackImageTableViewCell.swift */; };
		B40AC5F727A2E8960007B909 /* TitleTableViewCell.swift in Sources */ = {isa = PBXBuildFile; fileRef = B40AC5F627A2E8960007B909 /* TitleTableViewCell.swift */; };
		B40AC5F927A2F4FA0007B909 /* TitleCollectionViewCell.swift in Sources */ = {isa = PBXBuildFile; fileRef = B40AC5F827A2F4FA0007B909 /* TitleCollectionViewCell.swift */; };
		B40AC5FB27A2FFF20007B909 /* TitleCollectionViewHeader.swift in Sources */ = {isa = PBXBuildFile; fileRef = B40AC5FA27A2FFF20007B909 /* TitleCollectionViewHeader.swift */; };
		B40AC5FD27A30D190007B909 /* TitleReviewCollectionViewCell.swift in Sources */ = {isa = PBXBuildFile; fileRef = B40AC5FC27A30D190007B909 /* TitleReviewCollectionViewCell.swift */; };
		B40AC60027A3E7370007B909 /* ManagementViewModel.swift in Sources */ = {isa = PBXBuildFile; fileRef = B40AC5FF27A3E7370007B909 /* ManagementViewModel.swift */; };
		B40CA671279967F600B233D7 /* BirthViewController.swift in Sources */ = {isa = PBXBuildFile; fileRef = B40CA670279967F600B233D7 /* BirthViewController.swift */; };
		B40CA67327999D1F00B233D7 /* BirthView.swift in Sources */ = {isa = PBXBuildFile; fileRef = B40CA67227999D1F00B233D7 /* BirthView.swift */; };
		B40CA679279D21BB00B233D7 /* Date+Extension.swift in Sources */ = {isa = PBXBuildFile; fileRef = B40CA678279D21BB00B233D7 /* Date+Extension.swift */; };
		B40CA682279D6BA600B233D7 /* MyInfoViewController.swift in Sources */ = {isa = PBXBuildFile; fileRef = B40CA681279D6BA600B233D7 /* MyInfoViewController.swift */; };
		B40CA684279D6EB900B233D7 /* CommonViewModel.swift in Sources */ = {isa = PBXBuildFile; fileRef = B40CA683279D6EB900B233D7 /* CommonViewModel.swift */; };
		B420EF0F279EC9A30084AE6A /* User.swift in Sources */ = {isa = PBXBuildFile; fileRef = B420EF0E279EC9A30084AE6A /* User.swift */; };
		B420EF11279ECCB80084AE6A /* RegularExpression+Extension.swift in Sources */ = {isa = PBXBuildFile; fileRef = B420EF10279ECCB80084AE6A /* RegularExpression+Extension.swift */; };
		B420EF15279EF4350084AE6A /* UserAPI.swift in Sources */ = {isa = PBXBuildFile; fileRef = B420EF14279EF4350084AE6A /* UserAPI.swift */; };
		B420EF1D279FDC890084AE6A /* Helper.swift in Sources */ = {isa = PBXBuildFile; fileRef = B420EF1C279FDC890084AE6A /* Helper.swift */; };
		B420EF2127A04D460084AE6A /* String+Extension.swift in Sources */ = {isa = PBXBuildFile; fileRef = B420EF2027A04D460084AE6A /* String+Extension.swift */; };
		B420EF2827A0529A0084AE6A /* NotoSansKR-Medium.otf in Resources */ = {isa = PBXBuildFile; fileRef = B420EF2627A0529A0084AE6A /* NotoSansKR-Medium.otf */; };
		B420EF2927A0529A0084AE6A /* NotoSansKR-Regular.otf in Resources */ = {isa = PBXBuildFile; fileRef = B420EF2727A0529A0084AE6A /* NotoSansKR-Regular.otf */; };
		B420EF2F27A134EC0084AE6A /* MainTapController.swift in Sources */ = {isa = PBXBuildFile; fileRef = B420EF2E27A134EC0084AE6A /* MainTapController.swift */; };
		B420EF3227A135A10084AE6A /* HomeViewController.swift in Sources */ = {isa = PBXBuildFile; fileRef = B420EF3127A135A10084AE6A /* HomeViewController.swift */; };
		B420EF3427A135A70084AE6A /* ShopViewController.swift in Sources */ = {isa = PBXBuildFile; fileRef = B420EF3327A135A70084AE6A /* ShopViewController.swift */; };
		B420EF3627A135AF0084AE6A /* FriendViewController.swift in Sources */ = {isa = PBXBuildFile; fileRef = B420EF3527A135AE0084AE6A /* FriendViewController.swift */; };
		B420EF3827A153150084AE6A /* MyInfoTableViewCell.swift in Sources */ = {isa = PBXBuildFile; fileRef = B420EF3727A153150084AE6A /* MyInfoTableViewCell.swift */; };
		B420EF3C27A17DC70084AE6A /* MyInfoViewModel.swift in Sources */ = {isa = PBXBuildFile; fileRef = B420EF3B27A17DC70084AE6A /* MyInfoViewModel.swift */; };
		B420EF3E27A17E000084AE6A /* MyInfo.swift in Sources */ = {isa = PBXBuildFile; fileRef = B420EF3D27A17E000084AE6A /* MyInfo.swift */; };
		B420EF4027A183500084AE6A /* MyInfoHeaderTableViewCell.swift in Sources */ = {isa = PBXBuildFile; fileRef = B420EF3F27A183500084AE6A /* MyInfoHeaderTableViewCell.swift */; };
		B420EF4227A184830084AE6A /* MyInfoView.swift in Sources */ = {isa = PBXBuildFile; fileRef = B420EF4127A184830084AE6A /* MyInfoView.swift */; };
		B420EF4427A189A00084AE6A /* ManagementInfoViewController.swift in Sources */ = {isa = PBXBuildFile; fileRef = B420EF4327A189A00084AE6A /* ManagementInfoViewController.swift */; };
		B42B6D4D27AD458100DF0251 /* HomeView.swift in Sources */ = {isa = PBXBuildFile; fileRef = B42B6D4C27AD458100DF0251 /* HomeView.swift */; };
		B42B6D5027AEA1C800DF0251 /* SearchFriendResponse.swift in Sources */ = {isa = PBXBuildFile; fileRef = B42B6D4F27AEA1C800DF0251 /* SearchFriendResponse.swift */; };
		B42BAFA327A239E5009DB0E4 /* UIViewController+Extension.swift in Sources */ = {isa = PBXBuildFile; fileRef = B42BAFA227A239E5009DB0E4 /* UIViewController+Extension.swift */; };
		B433B8BD2798253700AEA607 /* AuthView.swift in Sources */ = {isa = PBXBuildFile; fileRef = B433B8BC2798253700AEA607 /* AuthView.swift */; };
		B433B8C127982BBD00AEA607 /* OnboardingViewController.swift in Sources */ = {isa = PBXBuildFile; fileRef = B433B8C027982BBD00AEA607 /* OnboardingViewController.swift */; };
		B433B8C527982F7600AEA607 /* UIView+Extension.swift in Sources */ = {isa = PBXBuildFile; fileRef = B433B8C427982F7600AEA607 /* UIView+Extension.swift */; };
		B433B8C82798306600AEA607 /* OnboardingSlide.swift in Sources */ = {isa = PBXBuildFile; fileRef = B433B8C72798306600AEA607 /* OnboardingSlide.swift */; };
		B433B8CA279831C400AEA607 /* OnboardingCollectionViewCell.swift in Sources */ = {isa = PBXBuildFile; fileRef = B433B8C9279831C400AEA607 /* OnboardingCollectionViewCell.swift */; };
		B433B8EE2799195900AEA607 /* VerificationViewController.swift in Sources */ = {isa = PBXBuildFile; fileRef = B433B8ED2799195900AEA607 /* VerificationViewController.swift */; };
		B433B8F027991D7900AEA607 /* OnboardingService.swift in Sources */ = {isa = PBXBuildFile; fileRef = B433B8EF27991D7900AEA607 /* OnboardingService.swift */; };
		B433B8FD279949AA00AEA607 /* Utility.swift in Sources */ = {isa = PBXBuildFile; fileRef = B433B8FC279949AA00AEA607 /* Utility.swift */; };
		B433B90027994C5100AEA607 /* ConfirmationViewController.swift in Sources */ = {isa = PBXBuildFile; fileRef = B433B8FF27994C5100AEA607 /* ConfirmationViewController.swift */; };
		B433B9022799558B00AEA607 /* NickNameViewController.swift in Sources */ = {isa = PBXBuildFile; fileRef = B433B9012799558B00AEA607 /* NickNameViewController.swift */; };
		B433B9042799561700AEA607 /* EmailViewController.swift in Sources */ = {isa = PBXBuildFile; fileRef = B433B9032799561700AEA607 /* EmailViewController.swift */; };
		B433B9062799567700AEA607 /* GenderViewController.swift in Sources */ = {isa = PBXBuildFile; fileRef = B433B9052799567700AEA607 /* GenderViewController.swift */; };
		B433B9082799570C00AEA607 /* GenderButton+Extension.swift in Sources */ = {isa = PBXBuildFile; fileRef = B433B9072799570C00AEA607 /* GenderButton+Extension.swift */; };
		B43741052797E756005E1CC7 /* AppDelegate.swift in Sources */ = {isa = PBXBuildFile; fileRef = B43741042797E756005E1CC7 /* AppDelegate.swift */; };
		B43741072797E756005E1CC7 /* SceneDelegate.swift in Sources */ = {isa = PBXBuildFile; fileRef = B43741062797E756005E1CC7 /* SceneDelegate.swift */; };
		B437410E2797E758005E1CC7 /* Assets.xcassets in Resources */ = {isa = PBXBuildFile; fileRef = B437410D2797E758005E1CC7 /* Assets.xcassets */; };
		B43741112797E758005E1CC7 /* LaunchScreen.storyboard in Resources */ = {isa = PBXBuildFile; fileRef = B437410F2797E758005E1CC7 /* LaunchScreen.storyboard */; };
		B437411A2797EA7F005E1CC7 /* GoogleService-Info.plist in Resources */ = {isa = PBXBuildFile; fileRef = B43741192797EA7F005E1CC7 /* GoogleService-Info.plist */; };
		B43741212797FAFF005E1CC7 /* R.generated.swift in Sources */ = {isa = PBXBuildFile; fileRef = B43741202797FAFF005E1CC7 /* R.generated.swift */; };
		B44A75F827B0F87E00DC41AB /* SearchViewController.swift in Sources */ = {isa = PBXBuildFile; fileRef = B44A75F727B0F87E00DC41AB /* SearchViewController.swift */; };
		B44A75FD27B1036900DC41AB /* SearchCollectionViewCell.swift in Sources */ = {isa = PBXBuildFile; fileRef = B44A75FC27B1036900DC41AB /* SearchCollectionViewCell.swift */; };
		B44A75FF27B11FE000DC41AB /* LeftAlignedCollectionViewFlowLayout.swift in Sources */ = {isa = PBXBuildFile; fileRef = B44A75FE27B11FE000DC41AB /* LeftAlignedCollectionViewFlowLayout.swift */; };
		B44A760127B1238600DC41AB /* SearchViewModel.swift in Sources */ = {isa = PBXBuildFile; fileRef = B44A760027B1238600DC41AB /* SearchViewModel.swift */; };
		B44A760327B15A9B00DC41AB /* SearchView.swift in Sources */ = {isa = PBXBuildFile; fileRef = B44A760227B15A9B00DC41AB /* SearchView.swift */; };
		B45F326427A198850091D1BA /* Onboarding.storyboard in Resources */ = {isa = PBXBuildFile; fileRef = B433B8F127991E4800AEA607 /* Onboarding.storyboard */; };
		B464052B27AC2ADA00FF4A6F /* QueueTarget.swift in Sources */ = {isa = PBXBuildFile; fileRef = B464052A27AC2ADA00FF4A6F /* QueueTarget.swift */; };
		B464052D27AC2AE200FF4A6F /* QueueAPI.swift in Sources */ = {isa = PBXBuildFile; fileRef = B464052C27AC2AE200FF4A6F /* QueueAPI.swift */; };
		B464053127AC2E0F00FF4A6F /* FindFriendRequest.swift in Sources */ = {isa = PBXBuildFile; fileRef = B464053027AC2E0F00FF4A6F /* FindFriendRequest.swift */; };
		B464053327AC2E2600FF4A6F /* SearchFriendRequest.swift in Sources */ = {isa = PBXBuildFile; fileRef = B464053227AC2E2600FF4A6F /* SearchFriendRequest.swift */; };
		B464053727AC2E7900FF4A6F /* HobbyRequest.swift in Sources */ = {isa = PBXBuildFile; fileRef = B464053627AC2E7900FF4A6F /* HobbyRequest.swift */; };
		B49F16CB27A3F03E00052507 /* GenderTableViewCell.swift in Sources */ = {isa = PBXBuildFile; fileRef = B49F16CA27A3F03E00052507 /* GenderTableViewCell.swift */; };
		B49F16CD27A3F04400052507 /* HobbyTableViewCell.swift in Sources */ = {isa = PBXBuildFile; fileRef = B49F16CC27A3F04400052507 /* HobbyTableViewCell.swift */; };
		B49F16D027A41ED100052507 /* AllowTableViewCell.swift in Sources */ = {isa = PBXBuildFile; fileRef = B49F16CF27A41ED100052507 /* AllowTableViewCell.swift */; };
		B49F16D227A41EDB00052507 /* AgeTableViewCell.swift in Sources */ = {isa = PBXBuildFile; fileRef = B49F16D127A41EDB00052507 /* AgeTableViewCell.swift */; };
		B49F16D427A41EE700052507 /* WithdrawTabelViewCell.swift in Sources */ = {isa = PBXBuildFile; fileRef = B49F16D327A41EE700052507 /* WithdrawTabelViewCell.swift */; };
		B49F16D727A4239700052507 /* ManagementModel.swift in Sources */ = {isa = PBXBuildFile; fileRef = B49F16D627A4239700052507 /* ManagementModel.swift */; };
		B49F16DA27A4246B00052507 /* ManagementItem.swift in Sources */ = {isa = PBXBuildFile; fileRef = B49F16D927A4246B00052507 /* ManagementItem.swift */; };
		B4C01A7027A694DD00973E79 /* AlertView.swift in Sources */ = {isa = PBXBuildFile; fileRef = B4C01A6F27A694DD00973E79 /* AlertView.swift */; };
		B4C01A7527A9184200973E79 /* VerificationViewModel.swift in Sources */ = {isa = PBXBuildFile; fileRef = B4C01A7427A9184200973E79 /* VerificationViewModel.swift */; };
		B4C01A7727A918F600973E79 /* ConfirmationViewModel.swift in Sources */ = {isa = PBXBuildFile; fileRef = B4C01A7627A918F600973E79 /* ConfirmationViewModel.swift */; };
		B4C01A7927A919FE00973E79 /* NickNameViewModel.swift in Sources */ = {isa = PBXBuildFile; fileRef = B4C01A7827A919FE00973E79 /* NickNameViewModel.swift */; };
		B4C01A7B27A91A7300973E79 /* BirthViewModel.swift in Sources */ = {isa = PBXBuildFile; fileRef = B4C01A7A27A91A7300973E79 /* BirthViewModel.swift */; };
		B4C01A7D27A91AD000973E79 /* EmailViewModel.swift in Sources */ = {isa = PBXBuildFile; fileRef = B4C01A7C27A91AD000973E79 /* EmailViewModel.swift */; };
		B4C01A7F27A91B1E00973E79 /* GenderViewModel.swift in Sources */ = {isa = PBXBuildFile; fileRef = B4C01A7E27A91B1E00973E79 /* GenderViewModel.swift */; };
		B4C01A8427A93CE500973E79 /* HomeViewModel.swift in Sources */ = {isa = PBXBuildFile; fileRef = B4C01A8327A93CE500973E79 /* HomeViewModel.swift */; };
		B4C01A8927AA464200973E79 /* UserTarget.swift in Sources */ = {isa = PBXBuildFile; fileRef = B4C01A8827AA464200973E79 /* UserTarget.swift */; };
		B4C01A8C27AA4DD700973E79 /* SignUpRequest.swift in Sources */ = {isa = PBXBuildFile; fileRef = B4C01A8B27AA4DD600973E79 /* SignUpRequest.swift */; };
		B4C01A8E27AA4E5300973E79 /* FCMtokenRequest.swift in Sources */ = {isa = PBXBuildFile; fileRef = B4C01A8D27AA4E5300973E79 /* FCMtokenRequest.swift */; };
		B4C01A9027AA4E7700973E79 /* MypageRequest.swift in Sources */ = {isa = PBXBuildFile; fileRef = B4C01A8F27AA4E7700973E79 /* MypageRequest.swift */; };
/* End PBXBuildFile section */

/* Begin PBXFileReference section */
		203B7D23B7EE22BF58E91AD1 /* Pods-SeSAC_SPL.debug.xcconfig */ = {isa = PBXFileReference; includeInIndex = 1; lastKnownFileType = text.xcconfig; name = "Pods-SeSAC_SPL.debug.xcconfig"; path = "Target Support Files/Pods-SeSAC_SPL/Pods-SeSAC_SPL.debug.xcconfig"; sourceTree = "<group>"; };
		46BC3B35DAD8705B465AD200 /* Pods_SeSAC_SPL.framework */ = {isa = PBXFileReference; explicitFileType = wrapper.framework; includeInIndex = 0; path = Pods_SeSAC_SPL.framework; sourceTree = BUILT_PRODUCTS_DIR; };
		B40AC5EF27A2E0FD0007B909 /* BackgroundImageView.swift */ = {isa = PBXFileReference; lastKnownFileType = sourcecode.swift; path = BackgroundImageView.swift; sourceTree = "<group>"; };
		B40AC5F427A2E6DC0007B909 /* BackImageTableViewCell.swift */ = {isa = PBXFileReference; lastKnownFileType = sourcecode.swift; path = BackImageTableViewCell.swift; sourceTree = "<group>"; };
		B40AC5F627A2E8960007B909 /* TitleTableViewCell.swift */ = {isa = PBXFileReference; lastKnownFileType = sourcecode.swift; path = TitleTableViewCell.swift; sourceTree = "<group>"; };
		B40AC5F827A2F4FA0007B909 /* TitleCollectionViewCell.swift */ = {isa = PBXFileReference; lastKnownFileType = sourcecode.swift; path = TitleCollectionViewCell.swift; sourceTree = "<group>"; };
		B40AC5FA27A2FFF20007B909 /* TitleCollectionViewHeader.swift */ = {isa = PBXFileReference; lastKnownFileType = sourcecode.swift; path = TitleCollectionViewHeader.swift; sourceTree = "<group>"; };
		B40AC5FC27A30D190007B909 /* TitleReviewCollectionViewCell.swift */ = {isa = PBXFileReference; lastKnownFileType = sourcecode.swift; path = TitleReviewCollectionViewCell.swift; sourceTree = "<group>"; };
		B40AC5FF27A3E7370007B909 /* ManagementViewModel.swift */ = {isa = PBXFileReference; lastKnownFileType = sourcecode.swift; path = ManagementViewModel.swift; sourceTree = "<group>"; };
		B40CA670279967F600B233D7 /* BirthViewController.swift */ = {isa = PBXFileReference; lastKnownFileType = sourcecode.swift; path = BirthViewController.swift; sourceTree = "<group>"; };
		B40CA67227999D1F00B233D7 /* BirthView.swift */ = {isa = PBXFileReference; lastKnownFileType = sourcecode.swift; path = BirthView.swift; sourceTree = "<group>"; };
		B40CA678279D21BB00B233D7 /* Date+Extension.swift */ = {isa = PBXFileReference; lastKnownFileType = sourcecode.swift; path = "Date+Extension.swift"; sourceTree = "<group>"; };
		B40CA681279D6BA600B233D7 /* MyInfoViewController.swift */ = {isa = PBXFileReference; lastKnownFileType = sourcecode.swift; path = MyInfoViewController.swift; sourceTree = "<group>"; };
		B40CA683279D6EB900B233D7 /* CommonViewModel.swift */ = {isa = PBXFileReference; lastKnownFileType = sourcecode.swift; path = CommonViewModel.swift; sourceTree = "<group>"; };
		B420EF0E279EC9A30084AE6A /* User.swift */ = {isa = PBXFileReference; lastKnownFileType = sourcecode.swift; path = User.swift; sourceTree = "<group>"; };
		B420EF10279ECCB80084AE6A /* RegularExpression+Extension.swift */ = {isa = PBXFileReference; lastKnownFileType = sourcecode.swift; path = "RegularExpression+Extension.swift"; sourceTree = "<group>"; };
		B420EF14279EF4350084AE6A /* UserAPI.swift */ = {isa = PBXFileReference; lastKnownFileType = sourcecode.swift; path = UserAPI.swift; sourceTree = "<group>"; };
		B420EF1C279FDC890084AE6A /* Helper.swift */ = {isa = PBXFileReference; lastKnownFileType = sourcecode.swift; path = Helper.swift; sourceTree = "<group>"; };
		B420EF2027A04D460084AE6A /* String+Extension.swift */ = {isa = PBXFileReference; lastKnownFileType = sourcecode.swift; path = "String+Extension.swift"; sourceTree = "<group>"; };
		B420EF2627A0529A0084AE6A /* NotoSansKR-Medium.otf */ = {isa = PBXFileReference; lastKnownFileType = file; name = "NotoSansKR-Medium.otf"; path = "SeSAC_SPL/Resource/NotoSansKR-Medium.otf"; sourceTree = SOURCE_ROOT; };
		B420EF2727A0529A0084AE6A /* NotoSansKR-Regular.otf */ = {isa = PBXFileReference; lastKnownFileType = file; name = "NotoSansKR-Regular.otf"; path = "SeSAC_SPL/Resource/NotoSansKR-Regular.otf"; sourceTree = SOURCE_ROOT; };
		B420EF2E27A134EC0084AE6A /* MainTapController.swift */ = {isa = PBXFileReference; lastKnownFileType = sourcecode.swift; path = MainTapController.swift; sourceTree = "<group>"; };
		B420EF3127A135A10084AE6A /* HomeViewController.swift */ = {isa = PBXFileReference; lastKnownFileType = sourcecode.swift; path = HomeViewController.swift; sourceTree = "<group>"; };
		B420EF3327A135A70084AE6A /* ShopViewController.swift */ = {isa = PBXFileReference; lastKnownFileType = sourcecode.swift; path = ShopViewController.swift; sourceTree = "<group>"; };
		B420EF3527A135AE0084AE6A /* FriendViewController.swift */ = {isa = PBXFileReference; lastKnownFileType = sourcecode.swift; path = FriendViewController.swift; sourceTree = "<group>"; };
		B420EF3727A153150084AE6A /* MyInfoTableViewCell.swift */ = {isa = PBXFileReference; lastKnownFileType = sourcecode.swift; path = MyInfoTableViewCell.swift; sourceTree = "<group>"; };
		B420EF3B27A17DC70084AE6A /* MyInfoViewModel.swift */ = {isa = PBXFileReference; lastKnownFileType = sourcecode.swift; path = MyInfoViewModel.swift; sourceTree = "<group>"; };
		B420EF3D27A17E000084AE6A /* MyInfo.swift */ = {isa = PBXFileReference; lastKnownFileType = sourcecode.swift; path = MyInfo.swift; sourceTree = "<group>"; };
		B420EF3F27A183500084AE6A /* MyInfoHeaderTableViewCell.swift */ = {isa = PBXFileReference; lastKnownFileType = sourcecode.swift; path = MyInfoHeaderTableViewCell.swift; sourceTree = "<group>"; };
		B420EF4127A184830084AE6A /* MyInfoView.swift */ = {isa = PBXFileReference; lastKnownFileType = sourcecode.swift; path = MyInfoView.swift; sourceTree = "<group>"; };
		B420EF4327A189A00084AE6A /* ManagementInfoViewController.swift */ = {isa = PBXFileReference; lastKnownFileType = sourcecode.swift; path = ManagementInfoViewController.swift; sourceTree = "<group>"; };
		B42B6D4C27AD458100DF0251 /* HomeView.swift */ = {isa = PBXFileReference; lastKnownFileType = sourcecode.swift; path = HomeView.swift; sourceTree = "<group>"; };
		B42B6D4F27AEA1C800DF0251 /* SearchFriendResponse.swift */ = {isa = PBXFileReference; lastKnownFileType = sourcecode.swift; path = SearchFriendResponse.swift; sourceTree = "<group>"; };
		B42BAFA227A239E5009DB0E4 /* UIViewController+Extension.swift */ = {isa = PBXFileReference; lastKnownFileType = sourcecode.swift; path = "UIViewController+Extension.swift"; sourceTree = "<group>"; };
		B433B8BC2798253700AEA607 /* AuthView.swift */ = {isa = PBXFileReference; lastKnownFileType = sourcecode.swift; path = AuthView.swift; sourceTree = "<group>"; };
		B433B8C027982BBD00AEA607 /* OnboardingViewController.swift */ = {isa = PBXFileReference; lastKnownFileType = sourcecode.swift; path = OnboardingViewController.swift; sourceTree = "<group>"; };
		B433B8C427982F7600AEA607 /* UIView+Extension.swift */ = {isa = PBXFileReference; lastKnownFileType = sourcecode.swift; path = "UIView+Extension.swift"; sourceTree = "<group>"; };
		B433B8C72798306600AEA607 /* OnboardingSlide.swift */ = {isa = PBXFileReference; lastKnownFileType = sourcecode.swift; path = OnboardingSlide.swift; sourceTree = "<group>"; };
		B433B8C9279831C400AEA607 /* OnboardingCollectionViewCell.swift */ = {isa = PBXFileReference; lastKnownFileType = sourcecode.swift; path = OnboardingCollectionViewCell.swift; sourceTree = "<group>"; };
		B433B8ED2799195900AEA607 /* VerificationViewController.swift */ = {isa = PBXFileReference; lastKnownFileType = sourcecode.swift; path = VerificationViewController.swift; sourceTree = "<group>"; };
		B433B8EF27991D7900AEA607 /* OnboardingService.swift */ = {isa = PBXFileReference; lastKnownFileType = sourcecode.swift; path = OnboardingService.swift; sourceTree = "<group>"; };
		B433B8F127991E4800AEA607 /* Onboarding.storyboard */ = {isa = PBXFileReference; lastKnownFileType = file.storyboard; path = Onboarding.storyboard; sourceTree = "<group>"; };
		B433B8FC279949AA00AEA607 /* Utility.swift */ = {isa = PBXFileReference; lastKnownFileType = sourcecode.swift; path = Utility.swift; sourceTree = "<group>"; };
		B433B8FF27994C5100AEA607 /* ConfirmationViewController.swift */ = {isa = PBXFileReference; lastKnownFileType = sourcecode.swift; path = ConfirmationViewController.swift; sourceTree = "<group>"; };
		B433B9012799558B00AEA607 /* NickNameViewController.swift */ = {isa = PBXFileReference; lastKnownFileType = sourcecode.swift; path = NickNameViewController.swift; sourceTree = "<group>"; };
		B433B9032799561700AEA607 /* EmailViewController.swift */ = {isa = PBXFileReference; lastKnownFileType = sourcecode.swift; path = EmailViewController.swift; sourceTree = "<group>"; };
		B433B9052799567700AEA607 /* GenderViewController.swift */ = {isa = PBXFileReference; lastKnownFileType = sourcecode.swift; path = GenderViewController.swift; sourceTree = "<group>"; };
		B433B9072799570C00AEA607 /* GenderButton+Extension.swift */ = {isa = PBXFileReference; lastKnownFileType = sourcecode.swift; path = "GenderButton+Extension.swift"; sourceTree = "<group>"; };
		B43741012797E756005E1CC7 /* SeSAC_SPL.app */ = {isa = PBXFileReference; explicitFileType = wrapper.application; includeInIndex = 0; path = SeSAC_SPL.app; sourceTree = BUILT_PRODUCTS_DIR; };
		B43741042797E756005E1CC7 /* AppDelegate.swift */ = {isa = PBXFileReference; lastKnownFileType = sourcecode.swift; path = AppDelegate.swift; sourceTree = "<group>"; };
		B43741062797E756005E1CC7 /* SceneDelegate.swift */ = {isa = PBXFileReference; lastKnownFileType = sourcecode.swift; path = SceneDelegate.swift; sourceTree = "<group>"; };
		B437410D2797E758005E1CC7 /* Assets.xcassets */ = {isa = PBXFileReference; lastKnownFileType = folder.assetcatalog; path = Assets.xcassets; sourceTree = "<group>"; };
		B43741102797E758005E1CC7 /* Base */ = {isa = PBXFileReference; lastKnownFileType = file.storyboard; name = Base; path = Base.lproj/LaunchScreen.storyboard; sourceTree = "<group>"; };
		B43741122797E758005E1CC7 /* Info.plist */ = {isa = PBXFileReference; lastKnownFileType = text.plist.xml; path = Info.plist; sourceTree = "<group>"; };
		B43741192797EA7F005E1CC7 /* GoogleService-Info.plist */ = {isa = PBXFileReference; fileEncoding = 4; lastKnownFileType = text.plist.xml; path = "GoogleService-Info.plist"; sourceTree = "<group>"; };
		B437411B2797EAA9005E1CC7 /* SeSAC_SPL.entitlements */ = {isa = PBXFileReference; lastKnownFileType = text.plist.entitlements; path = SeSAC_SPL.entitlements; sourceTree = "<group>"; };
		B43741202797FAFF005E1CC7 /* R.generated.swift */ = {isa = PBXFileReference; fileEncoding = 4; lastKnownFileType = sourcecode.swift; path = R.generated.swift; sourceTree = SOURCE_ROOT; };
		B44A75F727B0F87E00DC41AB /* SearchViewController.swift */ = {isa = PBXFileReference; lastKnownFileType = sourcecode.swift; path = SearchViewController.swift; sourceTree = "<group>"; };
		B44A75FC27B1036900DC41AB /* SearchCollectionViewCell.swift */ = {isa = PBXFileReference; lastKnownFileType = sourcecode.swift; path = SearchCollectionViewCell.swift; sourceTree = "<group>"; };
		B44A75FE27B11FE000DC41AB /* LeftAlignedCollectionViewFlowLayout.swift */ = {isa = PBXFileReference; lastKnownFileType = sourcecode.swift; path = LeftAlignedCollectionViewFlowLayout.swift; sourceTree = "<group>"; };
		B44A760027B1238600DC41AB /* SearchViewModel.swift */ = {isa = PBXFileReference; lastKnownFileType = sourcecode.swift; path = SearchViewModel.swift; sourceTree = "<group>"; };
		B44A760227B15A9B00DC41AB /* SearchView.swift */ = {isa = PBXFileReference; lastKnownFileType = sourcecode.swift; path = SearchView.swift; sourceTree = "<group>"; };
		B464052A27AC2ADA00FF4A6F /* QueueTarget.swift */ = {isa = PBXFileReference; lastKnownFileType = sourcecode.swift; path = QueueTarget.swift; sourceTree = "<group>"; };
		B464052C27AC2AE200FF4A6F /* QueueAPI.swift */ = {isa = PBXFileReference; lastKnownFileType = sourcecode.swift; path = QueueAPI.swift; sourceTree = "<group>"; };
		B464053027AC2E0F00FF4A6F /* FindFriendRequest.swift */ = {isa = PBXFileReference; lastKnownFileType = sourcecode.swift; path = FindFriendRequest.swift; sourceTree = "<group>"; };
		B464053227AC2E2600FF4A6F /* SearchFriendRequest.swift */ = {isa = PBXFileReference; lastKnownFileType = sourcecode.swift; path = SearchFriendRequest.swift; sourceTree = "<group>"; };
		B464053627AC2E7900FF4A6F /* HobbyRequest.swift */ = {isa = PBXFileReference; lastKnownFileType = sourcecode.swift; path = HobbyRequest.swift; sourceTree = "<group>"; };
		B49F16CA27A3F03E00052507 /* GenderTableViewCell.swift */ = {isa = PBXFileReference; lastKnownFileType = sourcecode.swift; path = GenderTableViewCell.swift; sourceTree = "<group>"; };
		B49F16CC27A3F04400052507 /* HobbyTableViewCell.swift */ = {isa = PBXFileReference; lastKnownFileType = sourcecode.swift; path = HobbyTableViewCell.swift; sourceTree = "<group>"; };
		B49F16CF27A41ED100052507 /* AllowTableViewCell.swift */ = {isa = PBXFileReference; lastKnownFileType = sourcecode.swift; path = AllowTableViewCell.swift; sourceTree = "<group>"; };
		B49F16D127A41EDB00052507 /* AgeTableViewCell.swift */ = {isa = PBXFileReference; lastKnownFileType = sourcecode.swift; path = AgeTableViewCell.swift; sourceTree = "<group>"; };
		B49F16D327A41EE700052507 /* WithdrawTabelViewCell.swift */ = {isa = PBXFileReference; lastKnownFileType = sourcecode.swift; path = WithdrawTabelViewCell.swift; sourceTree = "<group>"; };
		B49F16D627A4239700052507 /* ManagementModel.swift */ = {isa = PBXFileReference; lastKnownFileType = sourcecode.swift; path = ManagementModel.swift; sourceTree = "<group>"; };
		B49F16D927A4246B00052507 /* ManagementItem.swift */ = {isa = PBXFileReference; lastKnownFileType = sourcecode.swift; path = ManagementItem.swift; sourceTree = "<group>"; };
		B4C01A6F27A694DD00973E79 /* AlertView.swift */ = {isa = PBXFileReference; lastKnownFileType = sourcecode.swift; path = AlertView.swift; sourceTree = "<group>"; };
		B4C01A7427A9184200973E79 /* VerificationViewModel.swift */ = {isa = PBXFileReference; lastKnownFileType = sourcecode.swift; path = VerificationViewModel.swift; sourceTree = "<group>"; };
		B4C01A7627A918F600973E79 /* ConfirmationViewModel.swift */ = {isa = PBXFileReference; lastKnownFileType = sourcecode.swift; path = ConfirmationViewModel.swift; sourceTree = "<group>"; };
		B4C01A7827A919FE00973E79 /* NickNameViewModel.swift */ = {isa = PBXFileReference; lastKnownFileType = sourcecode.swift; path = NickNameViewModel.swift; sourceTree = "<group>"; };
		B4C01A7A27A91A7300973E79 /* BirthViewModel.swift */ = {isa = PBXFileReference; lastKnownFileType = sourcecode.swift; path = BirthViewModel.swift; sourceTree = "<group>"; };
		B4C01A7C27A91AD000973E79 /* EmailViewModel.swift */ = {isa = PBXFileReference; lastKnownFileType = sourcecode.swift; path = EmailViewModel.swift; sourceTree = "<group>"; };
		B4C01A7E27A91B1E00973E79 /* GenderViewModel.swift */ = {isa = PBXFileReference; lastKnownFileType = sourcecode.swift; path = GenderViewModel.swift; sourceTree = "<group>"; };
		B4C01A8327A93CE500973E79 /* HomeViewModel.swift */ = {isa = PBXFileReference; lastKnownFileType = sourcecode.swift; path = HomeViewModel.swift; sourceTree = "<group>"; };
		B4C01A8827AA464200973E79 /* UserTarget.swift */ = {isa = PBXFileReference; lastKnownFileType = sourcecode.swift; path = UserTarget.swift; sourceTree = "<group>"; };
		B4C01A8B27AA4DD600973E79 /* SignUpRequest.swift */ = {isa = PBXFileReference; lastKnownFileType = sourcecode.swift; path = SignUpRequest.swift; sourceTree = "<group>"; };
		B4C01A8D27AA4E5300973E79 /* FCMtokenRequest.swift */ = {isa = PBXFileReference; lastKnownFileType = sourcecode.swift; path = FCMtokenRequest.swift; sourceTree = "<group>"; };
		B4C01A8F27AA4E7700973E79 /* MypageRequest.swift */ = {isa = PBXFileReference; lastKnownFileType = sourcecode.swift; path = MypageRequest.swift; sourceTree = "<group>"; };
		F3473E80664E30059C9CFC26 /* Pods-SeSAC_SPL.release.xcconfig */ = {isa = PBXFileReference; includeInIndex = 1; lastKnownFileType = text.xcconfig; name = "Pods-SeSAC_SPL.release.xcconfig"; path = "Target Support Files/Pods-SeSAC_SPL/Pods-SeSAC_SPL.release.xcconfig"; sourceTree = "<group>"; };
/* End PBXFileReference section */

/* Begin PBXFrameworksBuildPhase section */
		B43740FE2797E756005E1CC7 /* Frameworks */ = {
			isa = PBXFrameworksBuildPhase;
			buildActionMask = 2147483647;
			files = (
				6CF6EBD952D5A7DE7A59C09F /* Pods_SeSAC_SPL.framework in Frameworks */,
			);
			runOnlyForDeploymentPostprocessing = 0;
		};
/* End PBXFrameworksBuildPhase section */

/* Begin PBXGroup section */
		91E0C6195381ED8E87D50269 /* Frameworks */ = {
			isa = PBXGroup;
			children = (
				46BC3B35DAD8705B465AD200 /* Pods_SeSAC_SPL.framework */,
			);
			name = Frameworks;
			sourceTree = "<group>";
		};
		B40AC5F127A2E5040007B909 /* ManagementInfoView */ = {
			isa = PBXGroup;
			children = (
				B49F16CE27A41EB400052507 /* TableViewCell */,
				B40AC5FE27A30D1B0007B909 /* TitleView */,
			);
			path = ManagementInfoView;
			sourceTree = "<group>";
		};
		B40AC5FE27A30D1B0007B909 /* TitleView */ = {
			isa = PBXGroup;
			children = (
				B40AC5FA27A2FFF20007B909 /* TitleCollectionViewHeader.swift */,
				B40AC5F827A2F4FA0007B909 /* TitleCollectionViewCell.swift */,
				B40AC5FC27A30D190007B909 /* TitleReviewCollectionViewCell.swift */,
			);
			path = TitleView;
			sourceTree = "<group>";
		};
		B40CA67E279D6AEC00B233D7 /* ViewModel */ = {
			isa = PBXGroup;
			children = (
				B4C01A7327A9183A00973E79 /* Auth */,
				B4C01A8027A93C7800973E79 /* Home */,
			);
			path = ViewModel;
			sourceTree = "<group>";
		};
		B420EF17279EFE350084AE6A /* Network */ = {
			isa = PBXGroup;
			children = (
				B4C01A9227AA788D00973E79 /* User */,
				B464052927AC2ABC00FF4A6F /* Queue */,
			);
			path = Network;
			sourceTree = "<group>";
		};
		B420EF1A279FA9EB0084AE6A /* Login */ = {
			isa = PBXGroup;
			children = (
				B433B8ED2799195900AEA607 /* VerificationViewController.swift */,
				B433B8FF27994C5100AEA607 /* ConfirmationViewController.swift */,
			);
			path = Login;
			sourceTree = "<group>";
		};
		B420EF1B279FA9F00084AE6A /* SignUp */ = {
			isa = PBXGroup;
			children = (
				B433B9012799558B00AEA607 /* NickNameViewController.swift */,
				B40CA670279967F600B233D7 /* BirthViewController.swift */,
				B433B9032799561700AEA607 /* EmailViewController.swift */,
				B433B9052799567700AEA607 /* GenderViewController.swift */,
			);
			path = SignUp;
			sourceTree = "<group>";
		};
		B420EF3027A135820084AE6A /* Main */ = {
			isa = PBXGroup;
			children = (
				B44A75F627B0F84500DC41AB /* Home */,
				B420EF3327A135A70084AE6A /* ShopViewController.swift */,
				B420EF3527A135AE0084AE6A /* FriendViewController.swift */,
				B40CA681279D6BA600B233D7 /* MyInfoViewController.swift */,
				B420EF4327A189A00084AE6A /* ManagementInfoViewController.swift */,
			);
			path = Main;
			sourceTree = "<group>";
		};
		B420EF4527A18A620084AE6A /* MyInfo */ = {
			isa = PBXGroup;
			children = (
				B420EF3F27A183500084AE6A /* MyInfoHeaderTableViewCell.swift */,
				B420EF3727A153150084AE6A /* MyInfoTableViewCell.swift */,
			);
			path = MyInfo;
			sourceTree = "<group>";
		};
		B433B8BA2798240900AEA607 /* View */ = {
			isa = PBXGroup;
			children = (
				B433B8D0279863D300AEA607 /* CustomView */,
				B433B8EC2799193500AEA607 /* Onboarding */,
				B420EF4527A18A620084AE6A /* MyInfo */,
				B40AC5F127A2E5040007B909 /* ManagementInfoView */,
				B44A75FB27B1033300DC41AB /* Search */,
			);
			path = View;
			sourceTree = "<group>";
		};
		B433B8BB2798252A00AEA607 /* Controller */ = {
			isa = PBXGroup;
			children = (
				B433B8C027982BBD00AEA607 /* OnboardingViewController.swift */,
				B420EF2E27A134EC0084AE6A /* MainTapController.swift */,
				B433B8FE27994C0C00AEA607 /* Auth */,
				B420EF3027A135820084AE6A /* Main */,
			);
			path = Controller;
			sourceTree = "<group>";
		};
		B433B8C62798305D00AEA607 /* Model */ = {
			isa = PBXGroup;
			children = (
				B433B8C72798306600AEA607 /* OnboardingSlide.swift */,
				B420EF0E279EC9A30084AE6A /* User.swift */,
				B420EF3D27A17E000084AE6A /* MyInfo.swift */,
				B49F16D827A4245200052507 /* Management */,
			);
			path = Model;
			sourceTree = "<group>";
		};
		B433B8D0279863D300AEA607 /* CustomView */ = {
			isa = PBXGroup;
			children = (
				B433B8BC2798253700AEA607 /* AuthView.swift */,
				B40CA67227999D1F00B233D7 /* BirthView.swift */,
				B420EF4127A184830084AE6A /* MyInfoView.swift */,
				B40AC5EF27A2E0FD0007B909 /* BackgroundImageView.swift */,
				B4C01A6F27A694DD00973E79 /* AlertView.swift */,
				B42B6D4C27AD458100DF0251 /* HomeView.swift */,
				B44A760227B15A9B00DC41AB /* SearchView.swift */,
			);
			path = CustomView;
			sourceTree = "<group>";
		};
		B433B8EC2799193500AEA607 /* Onboarding */ = {
			isa = PBXGroup;
			children = (
				B433B8F127991E4800AEA607 /* Onboarding.storyboard */,
				B433B8C9279831C400AEA607 /* OnboardingCollectionViewCell.swift */,
			);
			path = Onboarding;
			sourceTree = "<group>";
		};
		B433B8FE27994C0C00AEA607 /* Auth */ = {
			isa = PBXGroup;
			children = (
				B420EF1A279FA9EB0084AE6A /* Login */,
				B420EF1B279FA9F00084AE6A /* SignUp */,
			);
			path = Auth;
			sourceTree = "<group>";
		};
		B43740F82797E756005E1CC7 = {
			isa = PBXGroup;
			children = (
				B43741032797E756005E1CC7 /* SeSAC_SPL */,
				B43741022797E756005E1CC7 /* Products */,
				C57D1C8BA086EA77486AC432 /* Pods */,
				91E0C6195381ED8E87D50269 /* Frameworks */,
			);
			sourceTree = "<group>";
		};
		B43741022797E756005E1CC7 /* Products */ = {
			isa = PBXGroup;
			children = (
				B43741012797E756005E1CC7 /* SeSAC_SPL.app */,
			);
			name = Products;
			sourceTree = "<group>";
		};
		B43741032797E756005E1CC7 /* SeSAC_SPL */ = {
			isa = PBXGroup;
			children = (
				B433B8C62798305D00AEA607 /* Model */,
				B433B8BA2798240900AEA607 /* View */,
				B40CA67E279D6AEC00B233D7 /* ViewModel */,
				B433B8BB2798252A00AEA607 /* Controller */,
				B420EF17279EFE350084AE6A /* Network */,
				B437411C2797F0FF005E1CC7 /* Extension */,
				B43741182797E984005E1CC7 /* Resource */,
				B437411B2797EAA9005E1CC7 /* SeSAC_SPL.entitlements */,
				B43741192797EA7F005E1CC7 /* GoogleService-Info.plist */,
			);
			path = SeSAC_SPL;
			sourceTree = "<group>";
		};
		B43741182797E984005E1CC7 /* Resource */ = {
			isa = PBXGroup;
			children = (
				B43741042797E756005E1CC7 /* AppDelegate.swift */,
				B43741062797E756005E1CC7 /* SceneDelegate.swift */,
				B437410D2797E758005E1CC7 /* Assets.xcassets */,
				B437410F2797E758005E1CC7 /* LaunchScreen.storyboard */,
				B420EF2627A0529A0084AE6A /* NotoSansKR-Medium.otf */,
				B420EF2727A0529A0084AE6A /* NotoSansKR-Regular.otf */,
				B43741122797E758005E1CC7 /* Info.plist */,
			);
			path = Resource;
			sourceTree = "<group>";
		};
		B437411C2797F0FF005E1CC7 /* Extension */ = {
			isa = PBXGroup;
			children = (
				B433B8FC279949AA00AEA607 /* Utility.swift */,
				B420EF1C279FDC890084AE6A /* Helper.swift */,
				B43741202797FAFF005E1CC7 /* R.generated.swift */,
				B433B8EF27991D7900AEA607 /* OnboardingService.swift */,
				B420EF2027A04D460084AE6A /* String+Extension.swift */,
				B433B8C427982F7600AEA607 /* UIView+Extension.swift */,
				B42BAFA227A239E5009DB0E4 /* UIViewController+Extension.swift */,
				B433B9072799570C00AEA607 /* GenderButton+Extension.swift */,
				B40CA678279D21BB00B233D7 /* Date+Extension.swift */,
				B420EF10279ECCB80084AE6A /* RegularExpression+Extension.swift */,
				B44A75FE27B11FE000DC41AB /* LeftAlignedCollectionViewFlowLayout.swift */,
			);
			path = Extension;
			sourceTree = "<group>";
		};
		B44A75F627B0F84500DC41AB /* Home */ = {
			isa = PBXGroup;
			children = (
				B420EF3127A135A10084AE6A /* HomeViewController.swift */,
				B44A75F727B0F87E00DC41AB /* SearchViewController.swift */,
			);
			path = Home;
			sourceTree = "<group>";
		};
		B44A75FB27B1033300DC41AB /* Search */ = {
			isa = PBXGroup;
			children = (
				B44A75FC27B1036900DC41AB /* SearchCollectionViewCell.swift */,
			);
			path = Search;
			sourceTree = "<group>";
		};
		B464052927AC2ABC00FF4A6F /* Queue */ = {
			isa = PBXGroup;
			children = (
				B464052F27AC2DE100FF4A6F /* APIs */,
			);
			path = Queue;
			sourceTree = "<group>";
		};
		B464052E27AC2DDA00FF4A6F /* Models */ = {
			isa = PBXGroup;
			children = (
				B464053027AC2E0F00FF4A6F /* FindFriendRequest.swift */,
				B464053227AC2E2600FF4A6F /* SearchFriendRequest.swift */,
				B42B6D4F27AEA1C800DF0251 /* SearchFriendResponse.swift */,
				B464053627AC2E7900FF4A6F /* HobbyRequest.swift */,
			);
			path = Models;
			sourceTree = "<group>";
		};
		B464052F27AC2DE100FF4A6F /* APIs */ = {
			isa = PBXGroup;
			children = (
				B464052A27AC2ADA00FF4A6F /* QueueTarget.swift */,
				B464052C27AC2AE200FF4A6F /* QueueAPI.swift */,
				B464052E27AC2DDA00FF4A6F /* Models */,
			);
			path = APIs;
			sourceTree = "<group>";
		};
		B49F16CE27A41EB400052507 /* TableViewCell */ = {
			isa = PBXGroup;
			children = (
				B40AC5F427A2E6DC0007B909 /* BackImageTableViewCell.swift */,
				B40AC5F627A2E8960007B909 /* TitleTableViewCell.swift */,
				B49F16CA27A3F03E00052507 /* GenderTableViewCell.swift */,
				B49F16CC27A3F04400052507 /* HobbyTableViewCell.swift */,
				B49F16CF27A41ED100052507 /* AllowTableViewCell.swift */,
				B49F16D127A41EDB00052507 /* AgeTableViewCell.swift */,
				B49F16D327A41EE700052507 /* WithdrawTabelViewCell.swift */,
			);
			path = TableViewCell;
			sourceTree = "<group>";
		};
		B49F16D827A4245200052507 /* Management */ = {
			isa = PBXGroup;
			children = (
				B49F16D627A4239700052507 /* ManagementModel.swift */,
				B49F16D927A4246B00052507 /* ManagementItem.swift */,
			);
			path = Management;
			sourceTree = "<group>";
		};
		B4C01A7327A9183A00973E79 /* Auth */ = {
			isa = PBXGroup;
			children = (
				B4C01A8127A93C9400973E79 /* Login */,
				B4C01A8227A93C9E00973E79 /* SignUp */,
			);
			path = Auth;
			sourceTree = "<group>";
		};
		B4C01A8027A93C7800973E79 /* Home */ = {
			isa = PBXGroup;
			children = (
				B4C01A8327A93CE500973E79 /* HomeViewModel.swift */,
				B420EF3B27A17DC70084AE6A /* MyInfoViewModel.swift */,
				B40AC5FF27A3E7370007B909 /* ManagementViewModel.swift */,
				B44A760027B1238600DC41AB /* SearchViewModel.swift */,
			);
			path = Home;
			sourceTree = "<group>";
		};
		B4C01A8127A93C9400973E79 /* Login */ = {
			isa = PBXGroup;
			children = (
				B40CA683279D6EB900B233D7 /* CommonViewModel.swift */,
				B4C01A7427A9184200973E79 /* VerificationViewModel.swift */,
				B4C01A7627A918F600973E79 /* ConfirmationViewModel.swift */,
			);
			path = Login;
			sourceTree = "<group>";
		};
		B4C01A8227A93C9E00973E79 /* SignUp */ = {
			isa = PBXGroup;
			children = (
				B4C01A7827A919FE00973E79 /* NickNameViewModel.swift */,
				B4C01A7A27A91A7300973E79 /* BirthViewModel.swift */,
				B4C01A7C27A91AD000973E79 /* EmailViewModel.swift */,
				B4C01A7E27A91B1E00973E79 /* GenderViewModel.swift */,
			);
			path = SignUp;
			sourceTree = "<group>";
		};
		B4C01A8727AA463100973E79 /* APIs */ = {
			isa = PBXGroup;
			children = (
				B4C01A8827AA464200973E79 /* UserTarget.swift */,
				B420EF14279EF4350084AE6A /* UserAPI.swift */,
				B4C01A8A27AA4DC400973E79 /* Models */,
			);
			path = APIs;
			sourceTree = "<group>";
		};
		B4C01A8A27AA4DC400973E79 /* Models */ = {
			isa = PBXGroup;
			children = (
				B4C01A8B27AA4DD600973E79 /* SignUpRequest.swift */,
				B4C01A8D27AA4E5300973E79 /* FCMtokenRequest.swift */,
				B4C01A8F27AA4E7700973E79 /* MypageRequest.swift */,
			);
			path = Models;
			sourceTree = "<group>";
		};
		B4C01A9227AA788D00973E79 /* User */ = {
			isa = PBXGroup;
			children = (
				B4C01A8727AA463100973E79 /* APIs */,
			);
			path = User;
			sourceTree = "<group>";
		};
		C57D1C8BA086EA77486AC432 /* Pods */ = {
			isa = PBXGroup;
			children = (
				203B7D23B7EE22BF58E91AD1 /* Pods-SeSAC_SPL.debug.xcconfig */,
				F3473E80664E30059C9CFC26 /* Pods-SeSAC_SPL.release.xcconfig */,
			);
			path = Pods;
			sourceTree = "<group>";
		};
/* End PBXGroup section */

/* Begin PBXNativeTarget section */
		B43741002797E756005E1CC7 /* SeSAC_SPL */ = {
			isa = PBXNativeTarget;
			buildConfigurationList = B43741152797E758005E1CC7 /* Build configuration list for PBXNativeTarget "SeSAC_SPL" */;
			buildPhases = (
				27B6AABF831FD9173B480487 /* [CP] Check Pods Manifest.lock */,
				B437411F2797F871005E1CC7 /* Run Script */,
				B43740FD2797E756005E1CC7 /* Sources */,
				B43740FE2797E756005E1CC7 /* Frameworks */,
				B43740FF2797E756005E1CC7 /* Resources */,
				E8666514B7EE293F413D27C3 /* [CP] Embed Pods Frameworks */,
			);
			buildRules = (
			);
			dependencies = (
			);
			name = SeSAC_SPL;
			productName = SeSAC_SPL;
			productReference = B43741012797E756005E1CC7 /* SeSAC_SPL.app */;
			productType = "com.apple.product-type.application";
		};
/* End PBXNativeTarget section */

/* Begin PBXProject section */
		B43740F92797E756005E1CC7 /* Project object */ = {
			isa = PBXProject;
			attributes = {
				BuildIndependentTargetsInParallel = 1;
				LastSwiftUpdateCheck = 1300;
				LastUpgradeCheck = 1300;
				TargetAttributes = {
					B43741002797E756005E1CC7 = {
						CreatedOnToolsVersion = 13.0;
					};
				};
			};
			buildConfigurationList = B43740FC2797E756005E1CC7 /* Build configuration list for PBXProject "SeSAC_SPL" */;
			compatibilityVersion = "Xcode 13.0";
			developmentRegion = en;
			hasScannedForEncodings = 0;
			knownRegions = (
				en,
				Base,
			);
			mainGroup = B43740F82797E756005E1CC7;
			productRefGroup = B43741022797E756005E1CC7 /* Products */;
			projectDirPath = "";
			projectRoot = "";
			targets = (
				B43741002797E756005E1CC7 /* SeSAC_SPL */,
			);
		};
/* End PBXProject section */

/* Begin PBXResourcesBuildPhase section */
		B43740FF2797E756005E1CC7 /* Resources */ = {
			isa = PBXResourcesBuildPhase;
			buildActionMask = 2147483647;
			files = (
				B420EF2827A0529A0084AE6A /* NotoSansKR-Medium.otf in Resources */,
				B43741112797E758005E1CC7 /* LaunchScreen.storyboard in Resources */,
				B437411A2797EA7F005E1CC7 /* GoogleService-Info.plist in Resources */,
				B45F326427A198850091D1BA /* Onboarding.storyboard in Resources */,
				B437410E2797E758005E1CC7 /* Assets.xcassets in Resources */,
				B420EF2927A0529A0084AE6A /* NotoSansKR-Regular.otf in Resources */,
			);
			runOnlyForDeploymentPostprocessing = 0;
		};
/* End PBXResourcesBuildPhase section */

/* Begin PBXShellScriptBuildPhase section */
		27B6AABF831FD9173B480487 /* [CP] Check Pods Manifest.lock */ = {
			isa = PBXShellScriptBuildPhase;
			buildActionMask = 2147483647;
			files = (
			);
			inputFileListPaths = (
			);
			inputPaths = (
				"${PODS_PODFILE_DIR_PATH}/Podfile.lock",
				"${PODS_ROOT}/Manifest.lock",
			);
			name = "[CP] Check Pods Manifest.lock";
			outputFileListPaths = (
			);
			outputPaths = (
				"$(DERIVED_FILE_DIR)/Pods-SeSAC_SPL-checkManifestLockResult.txt",
			);
			runOnlyForDeploymentPostprocessing = 0;
			shellPath = /bin/sh;
			shellScript = "diff \"${PODS_PODFILE_DIR_PATH}/Podfile.lock\" \"${PODS_ROOT}/Manifest.lock\" > /dev/null\nif [ $? != 0 ] ; then\n    # print error to STDERR\n    echo \"error: The sandbox is not in sync with the Podfile.lock. Run 'pod install' or update your CocoaPods installation.\" >&2\n    exit 1\nfi\n# This output is used by Xcode 'outputs' to avoid re-running this script phase.\necho \"SUCCESS\" > \"${SCRIPT_OUTPUT_FILE_0}\"\n";
			showEnvVarsInLog = 0;
		};
		B437411F2797F871005E1CC7 /* Run Script */ = {
			isa = PBXShellScriptBuildPhase;
			alwaysOutOfDate = 1;
			buildActionMask = 2147483647;
			files = (
			);
			inputFileListPaths = (
			);
			inputPaths = (
			);
			name = "Run Script";
			outputFileListPaths = (
			);
			outputPaths = (
				$SRCROOT/R.generated.swift,
			);
			runOnlyForDeploymentPostprocessing = 0;
			shellPath = /bin/sh;
			shellScript = "\"$PODS_ROOT/R.swift/rswift\" generate \"$SRCROOT/R.generated.swift\"\n";
		};
		E8666514B7EE293F413D27C3 /* [CP] Embed Pods Frameworks */ = {
			isa = PBXShellScriptBuildPhase;
			buildActionMask = 2147483647;
			files = (
			);
			inputFileListPaths = (
				"${PODS_ROOT}/Target Support Files/Pods-SeSAC_SPL/Pods-SeSAC_SPL-frameworks-${CONFIGURATION}-input-files.xcfilelist",
			);
			name = "[CP] Embed Pods Frameworks";
			outputFileListPaths = (
				"${PODS_ROOT}/Target Support Files/Pods-SeSAC_SPL/Pods-SeSAC_SPL-frameworks-${CONFIGURATION}-output-files.xcfilelist",
			);
			runOnlyForDeploymentPostprocessing = 0;
			shellPath = /bin/sh;
			shellScript = "\"${PODS_ROOT}/Target Support Files/Pods-SeSAC_SPL/Pods-SeSAC_SPL-frameworks.sh\"\n";
			showEnvVarsInLog = 0;
		};
/* End PBXShellScriptBuildPhase section */

/* Begin PBXSourcesBuildPhase section */
		B43740FD2797E756005E1CC7 /* Sources */ = {
			isa = PBXSourcesBuildPhase;
			buildActionMask = 2147483647;
			files = (
				B4C01A7B27A91A7300973E79 /* BirthViewModel.swift in Sources */,
				B464052B27AC2ADA00FF4A6F /* QueueTarget.swift in Sources */,
				B420EF2F27A134EC0084AE6A /* MainTapController.swift in Sources */,
				B4C01A7D27A91AD000973E79 /* EmailViewModel.swift in Sources */,
				B44A760127B1238600DC41AB /* SearchViewModel.swift in Sources */,
				B420EF3E27A17E000084AE6A /* MyInfo.swift in Sources */,
				B420EF4027A183500084AE6A /* MyInfoHeaderTableViewCell.swift in Sources */,
				B42B6D4D27AD458100DF0251 /* HomeView.swift in Sources */,
				B433B9082799570C00AEA607 /* GenderButton+Extension.swift in Sources */,
				B42B6D5027AEA1C800DF0251 /* SearchFriendResponse.swift in Sources */,
				B4C01A7727A918F600973E79 /* ConfirmationViewModel.swift in Sources */,
				B4C01A9027AA4E7700973E79 /* MypageRequest.swift in Sources */,
				B464053727AC2E7900FF4A6F /* HobbyRequest.swift in Sources */,
				B433B8EE2799195900AEA607 /* VerificationViewController.swift in Sources */,
				B43741052797E756005E1CC7 /* AppDelegate.swift in Sources */,
				B40AC5FB27A2FFF20007B909 /* TitleCollectionViewHeader.swift in Sources */,
				B420EF3427A135A70084AE6A /* ShopViewController.swift in Sources */,
				B40AC5FD27A30D190007B909 /* TitleReviewCollectionViewCell.swift in Sources */,
				B464053327AC2E2600FF4A6F /* SearchFriendRequest.swift in Sources */,
				B433B9022799558B00AEA607 /* NickNameViewController.swift in Sources */,
				B433B8C527982F7600AEA607 /* UIView+Extension.swift in Sources */,
				B4C01A8E27AA4E5300973E79 /* FCMtokenRequest.swift in Sources */,
				B49F16D227A41EDB00052507 /* AgeTableViewCell.swift in Sources */,
				B40CA679279D21BB00B233D7 /* Date+Extension.swift in Sources */,
				B40CA682279D6BA600B233D7 /* MyInfoViewController.swift in Sources */,
				B4C01A7927A919FE00973E79 /* NickNameViewModel.swift in Sources */,
				B433B8FD279949AA00AEA607 /* Utility.swift in Sources */,
				B433B90027994C5100AEA607 /* ConfirmationViewController.swift in Sources */,
				B433B9042799561700AEA607 /* EmailViewController.swift in Sources */,
				B4C01A8C27AA4DD700973E79 /* SignUpRequest.swift in Sources */,
				B433B8F027991D7900AEA607 /* OnboardingService.swift in Sources */,
				B420EF1D279FDC890084AE6A /* Helper.swift in Sources */,
				B433B8BD2798253700AEA607 /* AuthView.swift in Sources */,
				B49F16D427A41EE700052507 /* WithdrawTabelViewCell.swift in Sources */,
				B420EF2127A04D460084AE6A /* String+Extension.swift in Sources */,
				B4C01A7F27A91B1E00973E79 /* GenderViewModel.swift in Sources */,
				B43741212797FAFF005E1CC7 /* R.generated.swift in Sources */,
				B49F16D727A4239700052507 /* ManagementModel.swift in Sources */,
				B420EF3827A153150084AE6A /* MyInfoTableViewCell.swift in Sources */,
				B49F16CB27A3F03E00052507 /* GenderTableViewCell.swift in Sources */,
				B44A760327B15A9B00DC41AB /* SearchView.swift in Sources */,
				B4C01A7527A9184200973E79 /* VerificationViewModel.swift in Sources */,
				B40CA67327999D1F00B233D7 /* BirthView.swift in Sources */,
				B433B8C127982BBD00AEA607 /* OnboardingViewController.swift in Sources */,
				B44A75FD27B1036900DC41AB /* SearchCollectionViewCell.swift in Sources */,
				B464053127AC2E0F00FF4A6F /* FindFriendRequest.swift in Sources */,
				B420EF3C27A17DC70084AE6A /* MyInfoViewModel.swift in Sources */,
				B40AC60027A3E7370007B909 /* ManagementViewModel.swift in Sources */,
				B40AC5F727A2E8960007B909 /* TitleTableViewCell.swift in Sources */,
				B49F16DA27A4246B00052507 /* ManagementItem.swift in Sources */,
				B40AC5F527A2E6DC0007B909 /* BackImageTableViewCell.swift in Sources */,
				B4C01A7027A694DD00973E79 /* AlertView.swift in Sources */,
				B42BAFA327A239E5009DB0E4 /* UIViewController+Extension.swift in Sources */,
				B420EF3627A135AF0084AE6A /* FriendViewController.swift in Sources */,
				B420EF11279ECCB80084AE6A /* RegularExpression+Extension.swift in Sources */,
				B420EF0F279EC9A30084AE6A /* User.swift in Sources */,
				B433B8CA279831C400AEA607 /* OnboardingCollectionViewCell.swift in Sources */,
				B420EF4427A189A00084AE6A /* ManagementInfoViewController.swift in Sources */,
				B420EF4227A184830084AE6A /* MyInfoView.swift in Sources */,
				B40CA684279D6EB900B233D7 /* CommonViewModel.swift in Sources */,
				B40CA671279967F600B233D7 /* BirthViewController.swift in Sources */,
				B40AC5F027A2E0FD0007B909 /* BackgroundImageView.swift in Sources */,
				B420EF15279EF4350084AE6A /* UserAPI.swift in Sources */,
				B420EF3227A135A10084AE6A /* HomeViewController.swift in Sources */,
				B44A75F827B0F87E00DC41AB /* SearchViewController.swift in Sources */,
				B4C01A8927AA464200973E79 /* UserTarget.swift in Sources */,
				B433B8C82798306600AEA607 /* OnboardingSlide.swift in Sources */,
				B40AC5F927A2F4FA0007B909 /* TitleCollectionViewCell.swift in Sources */,
				B4C01A8427A93CE500973E79 /* HomeViewModel.swift in Sources */,
				B44A75FF27B11FE000DC41AB /* LeftAlignedCollectionViewFlowLayout.swift in Sources */,
				B43741072797E756005E1CC7 /* SceneDelegate.swift in Sources */,
				B464052D27AC2AE200FF4A6F /* QueueAPI.swift in Sources */,
				B49F16CD27A3F04400052507 /* HobbyTableViewCell.swift in Sources */,
				B433B9062799567700AEA607 /* GenderViewController.swift in Sources */,
				B49F16D027A41ED100052507 /* AllowTableViewCell.swift in Sources */,
			);
			runOnlyForDeploymentPostprocessing = 0;
		};
/* End PBXSourcesBuildPhase section */

/* Begin PBXVariantGroup section */
		B437410F2797E758005E1CC7 /* LaunchScreen.storyboard */ = {
			isa = PBXVariantGroup;
			children = (
				B43741102797E758005E1CC7 /* Base */,
			);
			name = LaunchScreen.storyboard;
			sourceTree = "<group>";
		};
/* End PBXVariantGroup section */

/* Begin XCBuildConfiguration section */
		B43741132797E758005E1CC7 /* Debug */ = {
			isa = XCBuildConfiguration;
			buildSettings = {
				ALWAYS_SEARCH_USER_PATHS = NO;
				CLANG_ANALYZER_NONNULL = YES;
				CLANG_ANALYZER_NUMBER_OBJECT_CONVERSION = YES_AGGRESSIVE;
				CLANG_CXX_LANGUAGE_STANDARD = "gnu++17";
				CLANG_CXX_LIBRARY = "libc++";
				CLANG_ENABLE_MODULES = YES;
				CLANG_ENABLE_OBJC_ARC = YES;
				CLANG_ENABLE_OBJC_WEAK = YES;
				CLANG_WARN_BLOCK_CAPTURE_AUTORELEASING = YES;
				CLANG_WARN_BOOL_CONVERSION = YES;
				CLANG_WARN_COMMA = YES;
				CLANG_WARN_CONSTANT_CONVERSION = YES;
				CLANG_WARN_DEPRECATED_OBJC_IMPLEMENTATIONS = YES;
				CLANG_WARN_DIRECT_OBJC_ISA_USAGE = YES_ERROR;
				CLANG_WARN_DOCUMENTATION_COMMENTS = YES;
				CLANG_WARN_EMPTY_BODY = YES;
				CLANG_WARN_ENUM_CONVERSION = YES;
				CLANG_WARN_INFINITE_RECURSION = YES;
				CLANG_WARN_INT_CONVERSION = YES;
				CLANG_WARN_NON_LITERAL_NULL_CONVERSION = YES;
				CLANG_WARN_OBJC_IMPLICIT_RETAIN_SELF = YES;
				CLANG_WARN_OBJC_LITERAL_CONVERSION = YES;
				CLANG_WARN_OBJC_ROOT_CLASS = YES_ERROR;
				CLANG_WARN_QUOTED_INCLUDE_IN_FRAMEWORK_HEADER = YES;
				CLANG_WARN_RANGE_LOOP_ANALYSIS = YES;
				CLANG_WARN_STRICT_PROTOTYPES = YES;
				CLANG_WARN_SUSPICIOUS_MOVE = YES;
				CLANG_WARN_UNGUARDED_AVAILABILITY = YES_AGGRESSIVE;
				CLANG_WARN_UNREACHABLE_CODE = YES;
				CLANG_WARN__DUPLICATE_METHOD_MATCH = YES;
				COPY_PHASE_STRIP = NO;
				DEBUG_INFORMATION_FORMAT = dwarf;
				ENABLE_STRICT_OBJC_MSGSEND = YES;
				ENABLE_TESTABILITY = YES;
				GCC_C_LANGUAGE_STANDARD = gnu11;
				GCC_DYNAMIC_NO_PIC = NO;
				GCC_NO_COMMON_BLOCKS = YES;
				GCC_OPTIMIZATION_LEVEL = 0;
				GCC_PREPROCESSOR_DEFINITIONS = (
					"DEBUG=1",
					"$(inherited)",
				);
				GCC_WARN_64_TO_32_BIT_CONVERSION = YES;
				GCC_WARN_ABOUT_RETURN_TYPE = YES_ERROR;
				GCC_WARN_UNDECLARED_SELECTOR = YES;
				GCC_WARN_UNINITIALIZED_AUTOS = YES_AGGRESSIVE;
				GCC_WARN_UNUSED_FUNCTION = YES;
				GCC_WARN_UNUSED_VARIABLE = YES;
				IPHONEOS_DEPLOYMENT_TARGET = 15.0;
				MTL_ENABLE_DEBUG_INFO = INCLUDE_SOURCE;
				MTL_FAST_MATH = YES;
				ONLY_ACTIVE_ARCH = YES;
				SDKROOT = iphoneos;
				SWIFT_ACTIVE_COMPILATION_CONDITIONS = DEBUG;
				SWIFT_OPTIMIZATION_LEVEL = "-Onone";
			};
			name = Debug;
		};
		B43741142797E758005E1CC7 /* Release */ = {
			isa = XCBuildConfiguration;
			buildSettings = {
				ALWAYS_SEARCH_USER_PATHS = NO;
				CLANG_ANALYZER_NONNULL = YES;
				CLANG_ANALYZER_NUMBER_OBJECT_CONVERSION = YES_AGGRESSIVE;
				CLANG_CXX_LANGUAGE_STANDARD = "gnu++17";
				CLANG_CXX_LIBRARY = "libc++";
				CLANG_ENABLE_MODULES = YES;
				CLANG_ENABLE_OBJC_ARC = YES;
				CLANG_ENABLE_OBJC_WEAK = YES;
				CLANG_WARN_BLOCK_CAPTURE_AUTORELEASING = YES;
				CLANG_WARN_BOOL_CONVERSION = YES;
				CLANG_WARN_COMMA = YES;
				CLANG_WARN_CONSTANT_CONVERSION = YES;
				CLANG_WARN_DEPRECATED_OBJC_IMPLEMENTATIONS = YES;
				CLANG_WARN_DIRECT_OBJC_ISA_USAGE = YES_ERROR;
				CLANG_WARN_DOCUMENTATION_COMMENTS = YES;
				CLANG_WARN_EMPTY_BODY = YES;
				CLANG_WARN_ENUM_CONVERSION = YES;
				CLANG_WARN_INFINITE_RECURSION = YES;
				CLANG_WARN_INT_CONVERSION = YES;
				CLANG_WARN_NON_LITERAL_NULL_CONVERSION = YES;
				CLANG_WARN_OBJC_IMPLICIT_RETAIN_SELF = YES;
				CLANG_WARN_OBJC_LITERAL_CONVERSION = YES;
				CLANG_WARN_OBJC_ROOT_CLASS = YES_ERROR;
				CLANG_WARN_QUOTED_INCLUDE_IN_FRAMEWORK_HEADER = YES;
				CLANG_WARN_RANGE_LOOP_ANALYSIS = YES;
				CLANG_WARN_STRICT_PROTOTYPES = YES;
				CLANG_WARN_SUSPICIOUS_MOVE = YES;
				CLANG_WARN_UNGUARDED_AVAILABILITY = YES_AGGRESSIVE;
				CLANG_WARN_UNREACHABLE_CODE = YES;
				CLANG_WARN__DUPLICATE_METHOD_MATCH = YES;
				COPY_PHASE_STRIP = NO;
				DEBUG_INFORMATION_FORMAT = "dwarf-with-dsym";
				ENABLE_NS_ASSERTIONS = NO;
				ENABLE_STRICT_OBJC_MSGSEND = YES;
				GCC_C_LANGUAGE_STANDARD = gnu11;
				GCC_NO_COMMON_BLOCKS = YES;
				GCC_WARN_64_TO_32_BIT_CONVERSION = YES;
				GCC_WARN_ABOUT_RETURN_TYPE = YES_ERROR;
				GCC_WARN_UNDECLARED_SELECTOR = YES;
				GCC_WARN_UNINITIALIZED_AUTOS = YES_AGGRESSIVE;
				GCC_WARN_UNUSED_FUNCTION = YES;
				GCC_WARN_UNUSED_VARIABLE = YES;
				IPHONEOS_DEPLOYMENT_TARGET = 15.0;
				MTL_ENABLE_DEBUG_INFO = NO;
				MTL_FAST_MATH = YES;
				SDKROOT = iphoneos;
				SWIFT_COMPILATION_MODE = wholemodule;
				SWIFT_OPTIMIZATION_LEVEL = "-O";
				VALIDATE_PRODUCT = YES;
			};
			name = Release;
		};
		B43741162797E758005E1CC7 /* Debug */ = {
			isa = XCBuildConfiguration;
			baseConfigurationReference = 203B7D23B7EE22BF58E91AD1 /* Pods-SeSAC_SPL.debug.xcconfig */;
			buildSettings = {
				ASSETCATALOG_COMPILER_APPICON_NAME = AppIcon;
				ASSETCATALOG_COMPILER_GLOBAL_ACCENT_COLOR_NAME = AccentColor;
				CODE_SIGN_ENTITLEMENTS = SeSAC_SPL/SeSAC_SPL.entitlements;
				CODE_SIGN_STYLE = Automatic;
				CURRENT_PROJECT_VERSION = 1;
				DEVELOPMENT_TEAM = 2EZ5QWFYX2;
				GENERATE_INFOPLIST_FILE = YES;
				INFOPLIST_FILE = SeSAC_SPL/Resource/Info.plist;
				INFOPLIST_KEY_UIApplicationSupportsIndirectInputEvents = YES;
				INFOPLIST_KEY_UILaunchStoryboardName = LaunchScreen;
				INFOPLIST_KEY_UIMainStoryboardFile = Onboarding;
				INFOPLIST_KEY_UISupportedInterfaceOrientations_iPad = "UIInterfaceOrientationPortrait UIInterfaceOrientationPortraitUpsideDown UIInterfaceOrientationLandscapeLeft UIInterfaceOrientationLandscapeRight";
				INFOPLIST_KEY_UISupportedInterfaceOrientations_iPhone = "UIInterfaceOrientationPortrait UIInterfaceOrientationLandscapeLeft UIInterfaceOrientationLandscapeRight";
				LD_RUNPATH_SEARCH_PATHS = (
					"$(inherited)",
					"@executable_path/Frameworks",
				);
				MARKETING_VERSION = 1.0;
				PRODUCT_BUNDLE_IDENTIFIER = com.memolease.sesac1;
				PRODUCT_NAME = "$(TARGET_NAME)";
				SWIFT_EMIT_LOC_STRINGS = YES;
				SWIFT_VERSION = 5.0;
				TARGETED_DEVICE_FAMILY = "1,2";
			};
			name = Debug;
		};
		B43741172797E758005E1CC7 /* Release */ = {
			isa = XCBuildConfiguration;
			baseConfigurationReference = F3473E80664E30059C9CFC26 /* Pods-SeSAC_SPL.release.xcconfig */;
			buildSettings = {
				ASSETCATALOG_COMPILER_APPICON_NAME = AppIcon;
				ASSETCATALOG_COMPILER_GLOBAL_ACCENT_COLOR_NAME = AccentColor;
				CODE_SIGN_ENTITLEMENTS = SeSAC_SPL/SeSAC_SPL.entitlements;
				CODE_SIGN_STYLE = Automatic;
				CURRENT_PROJECT_VERSION = 1;
				DEVELOPMENT_TEAM = 2EZ5QWFYX2;
				GENERATE_INFOPLIST_FILE = YES;
				INFOPLIST_FILE = SeSAC_SPL/Resource/Info.plist;
				INFOPLIST_KEY_UIApplicationSupportsIndirectInputEvents = YES;
				INFOPLIST_KEY_UILaunchStoryboardName = LaunchScreen;
				INFOPLIST_KEY_UIMainStoryboardFile = Onboarding;
				INFOPLIST_KEY_UISupportedInterfaceOrientations_iPad = "UIInterfaceOrientationPortrait UIInterfaceOrientationPortraitUpsideDown UIInterfaceOrientationLandscapeLeft UIInterfaceOrientationLandscapeRight";
				INFOPLIST_KEY_UISupportedInterfaceOrientations_iPhone = "UIInterfaceOrientationPortrait UIInterfaceOrientationLandscapeLeft UIInterfaceOrientationLandscapeRight";
				LD_RUNPATH_SEARCH_PATHS = (
					"$(inherited)",
					"@executable_path/Frameworks",
				);
				MARKETING_VERSION = 1.0;
				PRODUCT_BUNDLE_IDENTIFIER = com.memolease.sesac1;
				PRODUCT_NAME = "$(TARGET_NAME)";
				SWIFT_EMIT_LOC_STRINGS = YES;
				SWIFT_VERSION = 5.0;
				TARGETED_DEVICE_FAMILY = "1,2";
			};
			name = Release;
		};
/* End XCBuildConfiguration section */

/* Begin XCConfigurationList section */
		B43740FC2797E756005E1CC7 /* Build configuration list for PBXProject "SeSAC_SPL" */ = {
			isa = XCConfigurationList;
			buildConfigurations = (
				B43741132797E758005E1CC7 /* Debug */,
				B43741142797E758005E1CC7 /* Release */,
			);
			defaultConfigurationIsVisible = 0;
			defaultConfigurationName = Release;
		};
		B43741152797E758005E1CC7 /* Build configuration list for PBXNativeTarget "SeSAC_SPL" */ = {
			isa = XCConfigurationList;
			buildConfigurations = (
				B43741162797E758005E1CC7 /* Debug */,
				B43741172797E758005E1CC7 /* Release */,
			);
			defaultConfigurationIsVisible = 0;
			defaultConfigurationName = Release;
		};
/* End XCConfigurationList section */
	};
	rootObject = B43740F92797E756005E1CC7 /* Project object */;
}
